<?xml version="1.0" encoding="utf-8"?>
<Project ToolsVersion="4.0" xmlns="http://schemas.microsoft.com/developer/msbuild/2003">
  <ItemGroup>
    <Filter Include="include">
      <UniqueIdentifier>{89AF369E-F58E-B539-FEA6-40106A051C9B}</UniqueIdentifier>
    </Filter>
    <Filter Include="src">
      <UniqueIdentifier>{2DAB880B-99B4-887C-2230-9F7C8E38947C}</UniqueIdentifier>
    </Filter>
    <Filter Include="src\device">
      <UniqueIdentifier>{4CE8E755-38A0-29A3-A1A7-02FF8D7EC493}</UniqueIdentifier>
    </Filter>
  </ItemGroup>
  <ItemGroup>
    <None Include="src\capi.def">
      <Filter>src</Filter>
    </None>
  </ItemGroup>
  <ItemGroup>
    <ClInclude Include="include\cmalcor.h">
      <Filter>include</Filter>
    </ClInclude>
    <ClInclude Include="src\default_settings.hpp">
      <Filter>src</Filter>
    </ClInclude>
    <ClInclude Include="src\device\hid.hpp">
      <Filter>src\device</Filter>
    </ClInclude>
    <ClInclude Include="src\device\io_alcor.hpp">
      <Filter>src\device</Filter>
    </ClInclude>
  </ItemGroup>
  <ItemGroup>
    <ClCompile Include="src\default_settings.cpp">
      <Filter>src</Filter>
    </ClCompile>
    <ClCompile Include="src\device\hid.cpp">
      <Filter>src\device</Filter>
    </ClCompile>
    <ClCompile Include="src\device\io_alcor.cpp">
      <Filter>src\device</Filter>
    </ClCompile>
    <ClCompile Include="src\capi.cc">
      <Filter>src</Filter>
    </ClCompile>
  </ItemGroup>
</Project>